# THIS IS AN AUTOGENERATED FILE. DO NOT EDIT THIS FILE DIRECTLY.
# yarn lockfile v1


"@actions/core@^1.2.3":
  version "1.2.3"
  resolved "https://registry.yarnpkg.com/@actions/core/-/core-1.2.3.tgz#e844b4fa0820e206075445079130868f95bfca95"
  integrity sha512-Wp4xnyokakM45Uuj4WLUxdsa8fJjKVl1fDTsPbTEcTcuu0Nb26IPQbOtjmnfaCPGcaoPOOqId8H9NapZ8gii4w==

"@actions/exec@^1.0.3":
  version "1.0.3"
  resolved "https://registry.yarnpkg.com/@actions/exec/-/exec-1.0.3.tgz#b967f8700d6ff011dcc91243b58bafc1bb9ab95f"
  integrity sha512-TogJGnueOmM7ntCi0ASTUj4LapRRtDfj57Ja4IhPmg2fls28uVOPbAn8N+JifaOumN2UG3oEO/Ixek2A4NcYSA==
  dependencies:
    "@actions/io" "^1.0.1"

"@actions/io@^1.0.1":
  version "1.0.2"
  resolved "https://registry.yarnpkg.com/@actions/io/-/io-1.0.2.tgz#2f614b6e69ce14d191180451eb38e6576a6e6b27"
  integrity sha512-J8KuFqVPr3p6U8W93DOXlXW6zFvrQAJANdS+vw0YhusLIq+bszW8zmK2Fh1C2kDPX8FMvwIl1OUcFgvJoXLbAg==

argparse@^1.0.7:
  version "1.0.10"
  resolved "https://registry.yarnpkg.com/argparse/-/argparse-1.0.10.tgz#bcd6791ea5ae09725e17e5ad988134cd40b3d911"
  integrity sha512-o5Roy6tNG4SL/FOkCAN6RzjiakZS25RLYFrcMttJqbdd8BWrnA+fGz57iN5Pb06pvBGvl5gQ0B48dJlslXvoTg==
  dependencies:
    sprintf-js "~1.0.2"

esprima@^4.0.0:
  version "4.0.1"
  resolved "https://registry.yarnpkg.com/esprima/-/esprima-4.0.1.tgz#13b04cdb3e6c5d19df91ab6987a8695619b0aa71"
  integrity sha512-eGuFFw7Upda+g4p+QHvnW0RyTX/SVeJBDM/gCtMARO0cLuT2HcEKnTPvhjV6aGeqrCB/sbNop0Kszm0jsaWU4A==

js-yaml@^3.13.1:
  version "3.13.1"
  resolved "https://registry.yarnpkg.com/js-yaml/-/js-yaml-3.13.1.tgz#aff151b30bfdfa8e49e05da22e7415e9dfa37847"
  integrity sha512-YfbcO7jXDdyj0DGxYVSlSeQNHbD7XPWvrVWeVUujrQEoZzWJIRrCPoyk6kL6IAjAG2IolMK4T0hNUe0HOUs5Jw==
  dependencies:
    argparse "^1.0.7"
    esprima "^4.0.0"

sprintf-js@~1.0.2:
  version "1.0.3"
  resolved "https://registry.yarnpkg.com/sprintf-js/-/sprintf-js-1.0.3.tgz#04e6926f662895354f3dd015203633b857297e2c"
  integrity sha1-BOaSb2YolTVPPdAVIDYzuFcpfiw=
